
Microsoft Visual Studio Solution File, Format Version 12.00
# Visual Studio Version 17
VisualStudioVersion = 17.5.33516.290
MinimumVisualStudioVersion = 10.0.40219.1
Project("{9A19103F-16F7-4668-BE54-9A1E7A4F7556}") = "WebmailApi", "WebmailApi\WebmailApi.csproj", "{98B5E32C-E7C1-4520-A7D3-6BB9BE19F4A1}"
EndProject
Project("{9A19103F-16F7-4668-BE54-9A1E7A4F7556}") = "WebmailVista", "WebmailVista\WebmailVista.csproj", "{5434D791-2C18-40E8-BFCB-0263B96C013C}"
EndProject
Project("{9A19103F-16F7-4668-BE54-9A1E7A4F7556}") = "Webmail.Core.Entities", "Webmail.Core.Entities\Webmail.Core.Entities.csproj", "{5C37A9D0-2304-4FD2-9616-FFBB419D848F}"
EndProject
Project("{9A19103F-16F7-4668-BE54-9A1E7A4F7556}") = "WebmailConsola", "WebmailConsola\WebmailConsola.csproj", "{6E786126-C48D-4E5F-B2F4-E9E71517DAFC}"
EndProject
Project("{FAE04EC0-301F-11D3-BF4B-00C04F79EFBC}") = "Cifrado", "Cifrado\Cifrado.csproj", "{A90BB127-4948-49AA-82D8-A70438C73B78}"
EndProject
Global
	GlobalSection(SolutionConfigurationPlatforms) = preSolution
		Debug|Any CPU = Debug|Any CPU
		Release|Any CPU = Release|Any CPU
	EndGlobalSection
	GlobalSection(ProjectConfigurationPlatforms) = postSolution
		{98B5E32C-E7C1-4520-A7D3-6BB9BE19F4A1}.Debug|Any CPU.ActiveCfg = Debug|Any CPU
		{98B5E32C-E7C1-4520-A7D3-6BB9BE19F4A1}.Debug|Any CPU.Build.0 = Debug|Any CPU
		{98B5E32C-E7C1-4520-A7D3-6BB9BE19F4A1}.Release|Any CPU.ActiveCfg = Release|Any CPU
		{98B5E32C-E7C1-4520-A7D3-6BB9BE19F4A1}.Release|Any CPU.Build.0 = Release|Any CPU
		{5434D791-2C18-40E8-BFCB-0263B96C013C}.Debug|Any CPU.ActiveCfg = Debug|Any CPU
		{5434D791-2C18-40E8-BFCB-0263B96C013C}.Debug|Any CPU.Build.0 = Debug|Any CPU
		{5434D791-2C18-40E8-BFCB-0263B96C013C}.Release|Any CPU.ActiveCfg = Release|Any CPU
		{5434D791-2C18-40E8-BFCB-0263B96C013C}.Release|Any CPU.Build.0 = Release|Any CPU
		{5C37A9D0-2304-4FD2-9616-FFBB419D848F}.Debug|Any CPU.ActiveCfg = Debug|Any CPU
		{5C37A9D0-2304-4FD2-9616-FFBB419D848F}.Debug|Any CPU.Build.0 = Debug|Any CPU
		{5C37A9D0-2304-4FD2-9616-FFBB419D848F}.Release|Any CPU.ActiveCfg = Release|Any CPU
		{5C37A9D0-2304-4FD2-9616-FFBB419D848F}.Release|Any CPU.Build.0 = Release|Any CPU
		{6E786126-C48D-4E5F-B2F4-E9E71517DAFC}.Debug|Any CPU.ActiveCfg = Debug|Any CPU
		{6E786126-C48D-4E5F-B2F4-E9E71517DAFC}.Debug|Any CPU.Build.0 = Debug|Any CPU
		{6E786126-C48D-4E5F-B2F4-E9E71517DAFC}.Release|Any CPU.ActiveCfg = Release|Any CPU
		{6E786126-C48D-4E5F-B2F4-E9E71517DAFC}.Release|Any CPU.Build.0 = Release|Any CPU
		{A90BB127-4948-49AA-82D8-A70438C73B78}.Debug|Any CPU.ActiveCfg = Debug|Any CPU
		{A90BB127-4948-49AA-82D8-A70438C73B78}.Debug|Any CPU.Build.0 = Debug|Any CPU
		{A90BB127-4948-49AA-82D8-A70438C73B78}.Release|Any CPU.ActiveCfg = Release|Any CPU
		{A90BB127-4948-49AA-82D8-A70438C73B78}.Release|Any CPU.Build.0 = Release|Any CPU
	EndGlobalSection
	GlobalSection(SolutionProperties) = preSolution
		HideSolutionNode = FALSE
	EndGlobalSection
	GlobalSection(ExtensibilityGlobals) = postSolution
		SolutionGuid = {A7919202-A5EA-4202-AB5F-E8E38E1CCCEB}
	EndGlobalSection
EndGlobal
